# This file is @generated by PDM.
# It is not intended for manual editing.

[metadata]
groups = ["default"]
strategy = ["cross_platform", "inherit_metadata"]
lock_version = "4.4.1"
content_hash = "sha256:2344463d7bc2890bb5e990b37cd5437e41060973d217cadff4b9baa008447cd8"

[[package]]
name = "anyio"
version = "4.3.0"
requires_python = ">=3.8"
summary = "High level compatibility layer for multiple asynchronous event loop implementations"
groups = ["default"]
dependencies = [
    "idna>=2.8",
    "sniffio>=1.1",
]
files = [
    {file = "anyio-4.3.0-py3-none-any.whl", hash = "sha256:048e05d0f6caeed70d731f3db756d35dcc1f35747c8c403364a8332c630441b8"},
    {file = "anyio-4.3.0.tar.gz", hash = "sha256:f75253795a87df48568485fd18cdd2a3fa5c4f7c5be8e5e36637733fce06fed6"},
]

[[package]]
name = "certifi"
version = "2024.2.2"
requires_python = ">=3.6"
summary = "Python package for providing Mozilla's CA Bundle."
groups = ["default"]
files = [
    {file = "certifi-2024.2.2-py3-none-any.whl", hash = "sha256:dc383c07b76109f368f6106eee2b593b04a011ea4d55f652c6ca24a754d1cdd1"},
    {file = "certifi-2024.2.2.tar.gz", hash = "sha256:0569859f95fc761b18b45ef421b1290a0f65f147e92a1e5eb3e635f9a5e4e66f"},
]

[[package]]
name = "core"
version = "0.1.0"
requires_python = "==3.11.*"
path = "../crvrs_spacetraders/core"
summary = "Default template for PDM package"
groups = ["default"]
dependencies = [
    "dynaconf>=3.2.4",
    "hishel>=0.0.24",
    "httpx>=0.27.0",
]

[[package]]
name = "dynaconf"
version = "3.2.4"
requires_python = ">=3.8"
summary = "The dynamic configurator for your Python Project"
groups = ["default"]
files = [
    {file = "dynaconf-3.2.4-py2.py3-none-any.whl", hash = "sha256:858f9806fab2409c4f5442614c2605d4c4071d5e5153b0e7f24a225f27465aed"},
    {file = "dynaconf-3.2.4.tar.gz", hash = "sha256:2e6adebaa587f4df9241a16a4bec3fda521154d26b15f3258fde753a592831b6"},
]

[[package]]
name = "h11"
version = "0.14.0"
requires_python = ">=3.7"
summary = "A pure-Python, bring-your-own-I/O implementation of HTTP/1.1"
groups = ["default"]
files = [
    {file = "h11-0.14.0-py3-none-any.whl", hash = "sha256:e3fe4ac4b851c468cc8363d500db52c2ead036020723024a109d37346efaa761"},
    {file = "h11-0.14.0.tar.gz", hash = "sha256:8f19fbbe99e72420ff35c00b27a34cb9937e902a8b810e2c88300c6f0a3b699d"},
]

[[package]]
name = "hishel"
version = "0.0.24"
requires_python = ">=3.8"
summary = "Persistent cache implementation for httpx and httpcore"
groups = ["default"]
dependencies = [
    "httpx>=0.22.0",
    "typing-extensions>=4.8.0",
]
files = [
    {file = "hishel-0.0.24-py3-none-any.whl", hash = "sha256:8b6e43481485e1938d78bd35c0bcb38646fe8f2e090fedb64b4dc1d6015ffe49"},
    {file = "hishel-0.0.24.tar.gz", hash = "sha256:4ac494c6bfedc431e480ab85d3435d4710230b2ad6092766b6ccf82b1d7e4152"},
]

[[package]]
name = "httpcore"
version = "1.0.4"
requires_python = ">=3.8"
summary = "A minimal low-level HTTP client."
groups = ["default"]
dependencies = [
    "certifi",
    "h11<0.15,>=0.13",
]
files = [
    {file = "httpcore-1.0.4-py3-none-any.whl", hash = "sha256:ac418c1db41bade2ad53ae2f3834a3a0f5ae76b56cf5aa497d2d033384fc7d73"},
    {file = "httpcore-1.0.4.tar.gz", hash = "sha256:cb2839ccfcba0d2d3c1131d3c3e26dfc327326fbe7a5dc0dbfe9f6c9151bb022"},
]

[[package]]
name = "httpx"
version = "0.27.0"
requires_python = ">=3.8"
summary = "The next generation HTTP client."
groups = ["default"]
dependencies = [
    "anyio",
    "certifi",
    "httpcore==1.*",
    "idna",
    "sniffio",
]
files = [
    {file = "httpx-0.27.0-py3-none-any.whl", hash = "sha256:71d5465162c13681bff01ad59b2cc68dd838ea1f10e51574bac27103f00c91a5"},
    {file = "httpx-0.27.0.tar.gz", hash = "sha256:a0cb88a46f32dc874e04ee956e4c2764aba2aa228f650b06788ba6bda2962ab5"},
]

[[package]]
name = "idna"
version = "3.6"
requires_python = ">=3.5"
summary = "Internationalized Domain Names in Applications (IDNA)"
groups = ["default"]
files = [
    {file = "idna-3.6-py3-none-any.whl", hash = "sha256:c05567e9c24a6b9faaa835c4821bad0590fbb9d5779e7caa6e1cc4978e7eb24f"},
    {file = "idna-3.6.tar.gz", hash = "sha256:9ecdbbd083b06798ae1e86adcbfe8ab1479cf864e4ee30fe4e46a003d12491ca"},
]

[[package]]
name = "register-agent"
version = "0.1.0"
requires_python = "==3.11.*"
path = "../crvrs_spacetraders/packages/register-agent"
summary = "Default template for PDM package"
groups = ["default"]
dependencies = [
    "core @ file:///mnt/data/git/Crvrs-Spacetraders/crvrs_spacetraders/packages/register-agent/../../core",
    "hishel>=0.0.24",
    "httpx>=0.27.0",
]

[[package]]
name = "sniffio"
version = "1.3.1"
requires_python = ">=3.7"
summary = "Sniff out which async library your code is running under"
groups = ["default"]
files = [
    {file = "sniffio-1.3.1-py3-none-any.whl", hash = "sha256:2f6da418d1f1e0fddd844478f41680e794e6051915791a034ff65e5f100525a2"},
    {file = "sniffio-1.3.1.tar.gz", hash = "sha256:f4324edc670a0f49750a81b895f35c3adb843cca46f0530f79fc1babb23789dc"},
]

[[package]]
name = "typing-extensions"
version = "4.10.0"
requires_python = ">=3.8"
summary = "Backported and Experimental Type Hints for Python 3.8+"
groups = ["default"]
files = [
    {file = "typing_extensions-4.10.0-py3-none-any.whl", hash = "sha256:69b1a937c3a517342112fb4c6df7e72fc39a38e7891a5730ed4985b5214b5475"},
    {file = "typing_extensions-4.10.0.tar.gz", hash = "sha256:b0abd7c89e8fb96f98db18d86106ff1d90ab692004eb746cf6eda2682f91b3cb"},
]
